// !$*UTF8*$!
{
	archiveVersion = 1;
	classes = {
	};
	objectVersion = 46;
	objects = {

/* Begin PBXBuildFile section */
		8B7B5DF01B5FD98E0024C8B2 /* main.m in Sources */ = {isa = PBXBuildFile; fileRef = 8B7B5DEF1B5FD98E0024C8B2 /* main.m */; };
		8B7B5DF31B5FD98E0024C8B2 /* AppDelegate.m in Sources */ = {isa = PBXBuildFile; fileRef = 8B7B5DF21B5FD98E0024C8B2 /* AppDelegate.m */; };
		8B7B5DF61B5FD98E0024C8B2 /* MasterViewController.m in Sources */ = {isa = PBXBuildFile; fileRef = 8B7B5DF51B5FD98E0024C8B2 /* MasterViewController.m */; };
		8B7B5DF91B5FD98E0024C8B2 /* DetailViewController.m in Sources */ = {isa = PBXBuildFile; fileRef = 8B7B5DF81B5FD98E0024C8B2 /* DetailViewController.m */; };
		8B7B5DFC1B5FD98E0024C8B2 /* Main.storyboard in Resources */ = {isa = PBXBuildFile; fileRef = 8B7B5DFA1B5FD98E0024C8B2 /* Main.storyboard */; };
		8B7B5DFE1B5FD98E0024C8B2 /* Images.xcassets in Resources */ = {isa = PBXBuildFile; fileRef = 8B7B5DFD1B5FD98E0024C8B2 /* Images.xcassets */; };
		8B7B5E011B5FD98E0024C8B2 /* LaunchScreen.xib in Resources */ = {isa = PBXBuildFile; fileRef = 8B7B5DFF1B5FD98E0024C8B2 /* LaunchScreen.xib */; };
		8B7B5E0D1B5FD98E0024C8B2 /* AddressbookTests.m in Sources */ = {isa = PBXBuildFile; fileRef = 8B7B5E0C1B5FD98E0024C8B2 /* AddressbookTests.m */; };
		8B7B5E181B5FD9DC0024C8B2 /* Contact.swift in Sources */ = {isa = PBXBuildFile; fileRef = 8B7B5E171B5FD9DC0024C8B2 /* Contact.swift */; };
		8B7B5E1C1B5FDE0E0024C8B2 /* Address.m in Sources */ = {isa = PBXBuildFile; fileRef = 8B7B5E1B1B5FDE0E0024C8B2 /* Address.m */; };
		8B7B5E1E1B5FE0D50024C8B2 /* ContactView.swift in Sources */ = {isa = PBXBuildFile; fileRef = 8B7B5E1D1B5FE0D50024C8B2 /* ContactView.swift */; };
/* End PBXBuildFile section */

/* Begin PBXContainerItemProxy section */
		8B7B5E071B5FD98E0024C8B2 /* PBXContainerItemProxy */ = {
			isa = PBXContainerItemProxy;
			containerPortal = 8B7B5DE21B5FD98E0024C8B2 /* Project object */;
			proxyType = 1;
			remoteGlobalIDString = 8B7B5DE91B5FD98E0024C8B2;
			remoteInfo = Addressbook;
		};
/* End PBXContainerItemProxy section */

/* Begin PBXFileReference section */
		8B7B5DEA1B5FD98E0024C8B2 /* Addressbook.app */ = {isa = PBXFileReference; explicitFileType = wrapper.application; includeInIndex = 0; path = Addressbook.app; sourceTree = BUILT_PRODUCTS_DIR; };
		8B7B5DEE1B5FD98E0024C8B2 /* Info.plist */ = {isa = PBXFileReference; lastKnownFileType = text.plist.xml; path = Info.plist; sourceTree = "<group>"; };
		8B7B5DEF1B5FD98E0024C8B2 /* main.m */ = {isa = PBXFileReference; lastKnownFileType = sourcecode.c.objc; path = main.m; sourceTree = "<group>"; };
		8B7B5DF11B5FD98E0024C8B2 /* AppDelegate.h */ = {isa = PBXFileReference; lastKnownFileType = sourcecode.c.h; path = AppDelegate.h; sourceTree = "<group>"; };
		8B7B5DF21B5FD98E0024C8B2 /* AppDelegate.m */ = {isa = PBXFileReference; lastKnownFileType = sourcecode.c.objc; path = AppDelegate.m; sourceTree = "<group>"; };
		8B7B5DF41B5FD98E0024C8B2 /* MasterViewController.h */ = {isa = PBXFileReference; lastKnownFileType = sourcecode.c.h; path = MasterViewController.h; sourceTree = "<group>"; };
		8B7B5DF51B5FD98E0024C8B2 /* MasterViewController.m */ = {isa = PBXFileReference; lastKnownFileType = sourcecode.c.objc; path = MasterViewController.m; sourceTree = "<group>"; };
		8B7B5DF71B5FD98E0024C8B2 /* DetailViewController.h */ = {isa = PBXFileReference; lastKnownFileType = sourcecode.c.h; path = DetailViewController.h; sourceTree = "<group>"; };
		8B7B5DF81B5FD98E0024C8B2 /* DetailViewController.m */ = {isa = PBXFileReference; lastKnownFileType = sourcecode.c.objc; path = DetailViewController.m; sourceTree = "<group>"; };
		8B7B5DFB1B5FD98E0024C8B2 /* Base */ = {isa = PBXFileReference; lastKnownFileType = file.storyboard; name = Base; path = Base.lproj/Main.storyboard; sourceTree = "<group>"; };
		8B7B5DFD1B5FD98E0024C8B2 /* Images.xcassets */ = {isa = PBXFileReference; lastKnownFileType = folder.assetcatalog; path = Images.xcassets; sourceTree = "<group>"; };
		8B7B5E001B5FD98E0024C8B2 /* Base */ = {isa = PBXFileReference; lastKnownFileType = file.xib; name = Base; path = Base.lproj/LaunchScreen.xib; sourceTree = "<group>"; };
		8B7B5E061B5FD98E0024C8B2 /* AddressbookTests.xctest */ = {isa = PBXFileReference; explicitFileType = wrapper.cfbundle; includeInIndex = 0; path = AddressbookTests.xctest; sourceTree = BUILT_PRODUCTS_DIR; };
		8B7B5E0B1B5FD98E0024C8B2 /* Info.plist */ = {isa = PBXFileReference; lastKnownFileType = text.plist.xml; path = Info.plist; sourceTree = "<group>"; };
		8B7B5E0C1B5FD98E0024C8B2 /* AddressbookTests.m */ = {isa = PBXFileReference; lastKnownFileType = sourcecode.c.objc; path = AddressbookTests.m; sourceTree = "<group>"; };
		8B7B5E161B5FD9DC0024C8B2 /* Addressbook-Bridging-Header.h */ = {isa = PBXFileReference; lastKnownFileType = sourcecode.c.h; path = "Addressbook-Bridging-Header.h"; sourceTree = "<group>"; };
		8B7B5E171B5FD9DC0024C8B2 /* Contact.swift */ = {isa = PBXFileReference; fileEncoding = 4; lastKnownFileType = sourcecode.swift; path = Contact.swift; sourceTree = "<group>"; };
		8B7B5E1A1B5FDE0E0024C8B2 /* Address.h */ = {isa = PBXFileReference; fileEncoding = 4; lastKnownFileType = sourcecode.c.h; path = Address.h; sourceTree = "<group>"; };
		8B7B5E1B1B5FDE0E0024C8B2 /* Address.m */ = {isa = PBXFileReference; fileEncoding = 4; lastKnownFileType = sourcecode.c.objc; path = Address.m; sourceTree = "<group>"; };
		8B7B5E1D1B5FE0D50024C8B2 /* ContactView.swift */ = {isa = PBXFileReference; fileEncoding = 4; lastKnownFileType = sourcecode.swift; path = ContactView.swift; sourceTree = "<group>"; };
/* End PBXFileReference section */

/* Begin PBXFrameworksBuildPhase section */
		8B7B5DE71B5FD98E0024C8B2 /* Frameworks */ = {
			isa = PBXFrameworksBuildPhase;
			buildActionMask = 2147483647;
			files = (
			);
			runOnlyForDeploymentPostprocessing = 0;
		};
		8B7B5E031B5FD98E0024C8B2 /* Frameworks */ = {
			isa = PBXFrameworksBuildPhase;
			buildActionMask = 2147483647;
			files = (
			);
			runOnlyForDeploymentPostprocessing = 0;
		};
/* End PBXFrameworksBuildPhase section */

/* Begin PBXGroup section */
		8B7B5DE11B5FD98E0024C8B2 = {
			isa = PBXGroup;
			children = (
				8B7B5DEC1B5FD98E0024C8B2 /* Addressbook */,
				8B7B5E091B5FD98E0024C8B2 /* AddressbookTests */,
				8B7B5DEB1B5FD98E0024C8B2 /* Products */,
			);
			sourceTree = "<group>";
		};
		8B7B5DEB1B5FD98E0024C8B2 /* Products */ = {
			isa = PBXGroup;
			children = (
				8B7B5DEA1B5FD98E0024C8B2 /* Addressbook.app */,
				8B7B5E061B5FD98E0024C8B2 /* AddressbookTests.xctest */,
			);
			name = Products;
			sourceTree = "<group>";
		};
		8B7B5DEC1B5FD98E0024C8B2 /* Addressbook */ = {
			isa = PBXGroup;
			children = (
				8B7B5E1D1B5FE0D50024C8B2 /* ContactView.swift */,
				8B7B5E191B5FD9EE0024C8B2 /* Model */,
				8B7B5DF11B5FD98E0024C8B2 /* AppDelegate.h */,
				8B7B5DF21B5FD98E0024C8B2 /* AppDelegate.m */,
				8B7B5DF41B5FD98E0024C8B2 /* MasterViewController.h */,
				8B7B5DF51B5FD98E0024C8B2 /* MasterViewController.m */,
				8B7B5DF71B5FD98E0024C8B2 /* DetailViewController.h */,
				8B7B5DF81B5FD98E0024C8B2 /* DetailViewController.m */,
				8B7B5DFA1B5FD98E0024C8B2 /* Main.storyboard */,
				8B7B5DFD1B5FD98E0024C8B2 /* Images.xcassets */,
				8B7B5DFF1B5FD98E0024C8B2 /* LaunchScreen.xib */,
				8B7B5DED1B5FD98E0024C8B2 /* Supporting Files */,
			);
			path = Addressbook;
			sourceTree = "<group>";
		};
		8B7B5DED1B5FD98E0024C8B2 /* Supporting Files */ = {
			isa = PBXGroup;
			children = (
				8B7B5DEE1B5FD98E0024C8B2 /* Info.plist */,
				8B7B5DEF1B5FD98E0024C8B2 /* main.m */,
			);
			name = "Supporting Files";
			sourceTree = "<group>";
		};
		8B7B5E091B5FD98E0024C8B2 /* AddressbookTests */ = {
			isa = PBXGroup;
			children = (
				8B7B5E0C1B5FD98E0024C8B2 /* AddressbookTests.m */,
				8B7B5E0A1B5FD98E0024C8B2 /* Supporting Files */,
			);
			path = AddressbookTests;
			sourceTree = "<group>";
		};
		8B7B5E0A1B5FD98E0024C8B2 /* Supporting Files */ = {
			isa = PBXGroup;
			children = (
				8B7B5E0B1B5FD98E0024C8B2 /* Info.plist */,
			);
			name = "Supporting Files";
			sourceTree = "<group>";
		};
		8B7B5E191B5FD9EE0024C8B2 /* Model */ = {
			isa = PBXGroup;
			children = (
				8B7B5E1A1B5FDE0E0024C8B2 /* Address.h */,
				8B7B5E1B1B5FDE0E0024C8B2 /* Address.m */,
				8B7B5E171B5FD9DC0024C8B2 /* Contact.swift */,
				8B7B5E161B5FD9DC0024C8B2 /* Addressbook-Bridging-Header.h */,
			);
			name = Model;
			sourceTree = "<group>";
		};
/* End PBXGroup section */

/* Begin PBXNativeTarget section */
		8B7B5DE91B5FD98E0024C8B2 /* Addressbook */ = {
			isa = PBXNativeTarget;
			buildConfigurationList = 8B7B5E101B5FD98E0024C8B2 /* Build configuration list for PBXNativeTarget "Addressbook" */;
			buildPhases = (
				8B7B5DE61B5FD98E0024C8B2 /* Sources */,
				8B7B5DE71B5FD98E0024C8B2 /* Frameworks */,
				8B7B5DE81B5FD98E0024C8B2 /* Resources */,
			);
			buildRules = (
			);
			dependencies = (
			);
			name = Addressbook;
			productName = Addressbook;
			productReference = 8B7B5DEA1B5FD98E0024C8B2 /* Addressbook.app */;
			productType = "com.apple.product-type.application";
		};
		8B7B5E051B5FD98E0024C8B2 /* AddressbookTests */ = {
			isa = PBXNativeTarget;
			buildConfigurationList = 8B7B5E131B5FD98E0024C8B2 /* Build configuration list for PBXNativeTarget "AddressbookTests" */;
			buildPhases = (
				8B7B5E021B5FD98E0024C8B2 /* Sources */,
				8B7B5E031B5FD98E0024C8B2 /* Frameworks */,
				8B7B5E041B5FD98E0024C8B2 /* Resources */,
			);
			buildRules = (
			);
			dependencies = (
				8B7B5E081B5FD98E0024C8B2 /* PBXTargetDependency */,
			);
			name = AddressbookTests;
			productName = AddressbookTests;
			productReference = 8B7B5E061B5FD98E0024C8B2 /* AddressbookTests.xctest */;
			productType = "com.apple.product-type.bundle.unit-test";
		};
/* End PBXNativeTarget section */

/* Begin PBXProject section */
		8B7B5DE21B5FD98E0024C8B2 /* Project object */ = {
			isa = PBXProject;
			attributes = {
				LastUpgradeCheck = 0640;
				ORGANIZATIONNAME = "Cory Alder";
				TargetAttributes = {
					8B7B5DE91B5FD98E0024C8B2 = {
						CreatedOnToolsVersion = 6.4;
					};
					8B7B5E051B5FD98E0024C8B2 = {
						CreatedOnToolsVersion = 6.4;
						TestTargetID = 8B7B5DE91B5FD98E0024C8B2;
					};
				};
			};
			buildConfigurationList = 8B7B5DE51B5FD98E0024C8B2 /* Build configuration list for PBXProject "Addressbook" */;
			compatibilityVersion = "Xcode 3.2";
			developmentRegion = English;
			hasScannedForEncodings = 0;
			knownRegions = (
				en,
				Base,
			);
			mainGroup = 8B7B5DE11B5FD98E0024C8B2;
			productRefGroup = 8B7B5DEB1B5FD98E0024C8B2 /* Products */;
			projectDirPath = "";
			projectRoot = "";
			targets = (
				8B7B5DE91B5FD98E0024C8B2 /* Addressbook */,
				8B7B5E051B5FD98E0024C8B2 /* AddressbookTests */,
			);
		};
/* End PBXProject section */

/* Begin PBXResourcesBuildPhase section */
		8B7B5DE81B5FD98E0024C8B2 /* Resources */ = {
			isa = PBXResourcesBuildPhase;
			buildActionMask = 2147483647;
			files = (
				8B7B5DFC1B5FD98E0024C8B2 /* Main.storyboard in Resources */,
				8B7B5E011B5FD98E0024C8B2 /* LaunchScreen.xib in Resources */,
				8B7B5DFE1B5FD98E0024C8B2 /* Images.xcassets in Resources */,
			);
			runOnlyForDeploymentPostprocessing = 0;
		};
		8B7B5E041B5FD98E0024C8B2 /* Resources */ = {
			isa = PBXResourcesBuildPhase;
			buildActionMask = 2147483647;
			files = (
			);
			runOnlyForDeploymentPostprocessing = 0;
		};
/* End PBXResourcesBuildPhase section */

/* Begin PBXSourcesBuildPhase section */
		8B7B5DE61B5FD98E0024C8B2 /* Sources */ = {
			isa = PBXSourcesBuildPhase;
			buildActionMask = 2147483647;
			files = (
				8B7B5E1C1B5FDE0E0024C8B2 /* Address.m in Sources */,
				8B7B5DF31B5FD98E0024C8B2 /* AppDelegate.m in Sources */,
				8B7B5DF61B5FD98E0024C8B2 /* MasterViewController.m in Sources */,
				8B7B5E181B5FD9DC0024C8B2 /* Contact.swift in Sources */,
				8B7B5E1E1B5FE0D50024C8B2 /* ContactView.swift in Sources */,
				8B7B5DF01B5FD98E0024C8B2 /* main.m in Sources */,
				8B7B5DF91B5FD98E0024C8B2 /* DetailViewController.m in Sources */,
			);
			runOnlyForDeploymentPostprocessing = 0;
		};
		8B7B5E021B5FD98E0024C8B2 /* Sources */ = {
			isa = PBXSourcesBuildPhase;
			buildActionMask = 2147483647;
			files = (
				8B7B5E0D1B5FD98E0024C8B2 /* AddressbookTests.m in Sources */,
			);
			runOnlyForDeploymentPostprocessing = 0;
		};
/* End PBXSourcesBuildPhase section */

/* Begin PBXTargetDependency section */
		8B7B5E081B5FD98E0024C8B2 /* PBXTargetDependency */ = {
			isa = PBXTargetDependency;
			target = 8B7B5DE91B5FD98E0024C8B2 /* Addressbook */;
			targetProxy = 8B7B5E071B5FD98E0024C8B2 /* PBXContainerItemProxy */;
		};
/* End PBXTargetDependency section */

/* Begin PBXVariantGroup section */
		8B7B5DFA1B5FD98E0024C8B2 /* Main.storyboard */ = {
			isa = PBXVariantGroup;
			children = (
				8B7B5DFB1B5FD98E0024C8B2 /* Base */,
			);
			name = Main.storyboard;
			sourceTree = "<group>";
		};
		8B7B5DFF1B5FD98E0024C8B2 /* LaunchScreen.xib */ = {
			isa = PBXVariantGroup;
			children = (
				8B7B5E001B5FD98E0024C8B2 /* Base */,
			);
			name = LaunchScreen.xib;
			sourceTree = "<group>";
		};
/* End PBXVariantGroup section */

/* Begin XCBuildConfiguration section */
		8B7B5E0E1B5FD98E0024C8B2 /* Debug */ = {
			isa = XCBuildConfiguration;
			buildSettings = {
				ALWAYS_SEARCH_USER_PATHS = NO;
				CLANG_CXX_LANGUAGE_STANDARD = "gnu++0x";
				CLANG_CXX_LIBRARY = "libc++";
				CLANG_ENABLE_MODULES = YES;
				CLANG_ENABLE_OBJC_ARC = YES;
				CLANG_WARN_BOOL_CONVERSION = YES;
				CLANG_WARN_CONSTANT_CONVERSION = YES;
				CLANG_WARN_DIRECT_OBJC_ISA_USAGE = YES_ERROR;
				CLANG_WARN_EMPTY_BODY = YES;
				CLANG_WARN_ENUM_CONVERSION = YES;
				CLANG_WARN_INT_CONVERSION = YES;
				CLANG_WARN_OBJC_ROOT_CLASS = YES_ERROR;
				CLANG_WARN_UNREACHABLE_CODE = YES;
				CLANG_WARN__DUPLICATE_METHOD_MATCH = YES;
				"CODE_SIGN_IDENTITY[sdk=iphoneos*]" = "iPhone Developer";
				COPY_PHASE_STRIP = NO;
				DEBUG_INFORMATION_FORMAT = "dwarf-with-dsym";
				ENABLE_STRICT_OBJC_MSGSEND = YES;
				GCC_C_LANGUAGE_STANDARD = gnu99;
				GCC_DYNAMIC_NO_PIC = NO;
				GCC_NO_COMMON_BLOCKS = YES;
				GCC_OPTIMIZATION_LEVEL = 0;
				GCC_PREPROCESSOR_DEFINITIONS = (
					"DEBUG=1",
					"$(inherited)",
				);
				GCC_SYMBOLS_PRIVATE_EXTERN = NO;
				GCC_WARN_64_TO_32_BIT_CONVERSION = YES;
				GCC_WARN_ABOUT_RETURN_TYPE = YES_ERROR;
				GCC_WARN_UNDECLARED_SELECTOR = YES;
				GCC_WARN_UNINITIALIZED_AUTOS = YES_AGGRESSIVE;
				GCC_WARN_UNUSED_FUNCTION = YES;
				GCC_WARN_UNUSED_VARIABLE = YES;
				IPHONEOS_DEPLOYMENT_TARGET = 8.4;
				MTL_ENABLE_DEBUG_INFO = YES;
				ONLY_ACTIVE_ARCH = YES;
				SDKROOT = iphoneos;
			};
			name = Debug;
		};
		8B7B5E0F1B5FD98E0024C8B2 /* Release */ = {
			isa = XCBuildConfiguration;
			buildSettings = {
				ALWAYS_SEARCH_USER_PATHS = NO;
				CLANG_CXX_LANGUAGE_STANDARD = "gnu++0x";
				CLANG_CXX_LIBRARY = "libc++";
				CLANG_ENABLE_MODULES = YES;
				CLANG_ENABLE_OBJC_ARC = YES;
				CLANG_WARN_BOOL_CONVERSION = YES;
				CLANG_WARN_CONSTANT_CONVERSION = YES;
				CLANG_WARN_DIRECT_OBJC_ISA_USAGE = YES_ERROR;
				CLANG_WARN_EMPTY_BODY = YES;
				CLANG_WARN_ENUM_CONVERSION = YES;
				CLANG_WARN_INT_CONVERSION = YES;
				CLANG_WARN_OBJC_ROOT_CLASS = YES_ERROR;
				CLANG_WARN_UNREACHABLE_CODE = YES;
				CLANG_WARN__DUPLICATE_METHOD_MATCH = YES;
				"CODE_SIGN_IDENTITY[sdk=iphoneos*]" = "iPhone Developer";
				COPY_PHASE_STRIP = NO;
				DEBUG_INFORMATION_FORMAT = "dwarf-with-dsym";
				ENABLE_NS_ASSERTIONS = NO;
				ENABLE_STRICT_OBJC_MSGSEND = YES;
				GCC_C_LANGUAGE_STANDARD = gnu99;
				GCC_NO_COMMON_BLOCKS = YES;
				GCC_WARN_64_TO_32_BIT_CONVERSION = YES;
				GCC_WARN_ABOUT_RETURN_TYPE = YES_ERROR;
				GCC_WARN_UNDECLARED_SELECTOR = YES;
				GCC_WARN_UNINITIALIZED_AUTOS = YES_AGGRESSIVE;
				GCC_WARN_UNUSED_FUNCTION = YES;
				GCC_WARN_UNUSED_VARIABLE = YES;
				IPHONEOS_DEPLOYMENT_TARGET = 8.4;
				MTL_ENABLE_DEBUG_INFO = NO;
				SDKROOT = iphoneos;
				VALIDATE_PRODUCT = YES;
			};
			name = Release;
		};
		8B7B5E111B5FD98E0024C8B2 /* Debug */ = {
			isa = XCBuildConfiguration;
			buildSettings = {
				ASSETCATALOG_COMPILER_APPICON_NAME = AppIcon;
				CLANG_ENABLE_MODULES = YES;
				INFOPLIST_FILE = Addressbook/Info.plist;
				LD_RUNPATH_SEARCH_PATHS = "$(inherited) @executable_path/Frameworks";
				PRODUCT_NAME = "$(TARGET_NAME)";
				SWIFT_OBJC_BRIDGING_HEADER = "Addressbook/Addressbook-Bridging-Header.h";
				SWIFT_OPTIMIZATION_LEVEL = "-Onone";
			};
			name = Debug;
		};
		8B7B5E121B5FD98E0024C8B2 /* Release */ = {
			isa = XCBuildConfiguration;
			buildSettings = {
				ASSETCATALOG_COMPILER_APPICON_NAME = AppIcon;
				CLANG_ENABLE_MODULES = YES;
				INFOPLIST_FILE = Addressbook/Info.plist;
				LD_RUNPATH_SEARCH_PATHS = "$(inherited) @executable_path/Frameworks";
				PRODUCT_NAME = "$(TARGET_NAME)";
				SWIFT_OBJC_BRIDGING_HEADER = "Addressbook/Addressbook-Bridging-Header.h";
			};
			name = Release;
		};
		8B7B5E141B5FD98E0024C8B2 /* Debug */ = {
			isa = XCBuildConfiguration;
			buildSettings = {
				BUNDLE_LOADER = "$(TEST_HOST)";
				FRAMEWORK_SEARCH_PATHS = (
					"$(SDKROOT)/Developer/Library/Frameworks",
					"$(inherited)",
				);
				GCC_PREPROCESSOR_DEFINITIONS = (
					"DEBUG=1",
					"$(inherited)",
				);
				INFOPLIST_FILE = AddressbookTests/Info.plist;
				LD_RUNPATH_SEARCH_PATHS = "$(inherited) @executable_path/Frameworks @loader_path/Frameworks";
				PRODUCT_NAME = "$(TARGET_NAME)";
				TEST_HOST = "$(BUILT_PRODUCTS_DIR)/Addressbook.app/Addressbook";
			};
			name = Debug;
		};
		8B7B5E151B5FD98E0024C8B2 /* Release */ = {
			isa = XCBuildConfiguration;
			buildSettings = {
				BUNDLE_LOADER = "$(TEST_HOST)";
				FRAMEWORK_SEARCH_PATHS = (
					"$(SDKROOT)/Developer/Library/Frameworks",
					"$(inherited)",
				);
				INFOPLIST_FILE = AddressbookTests/Info.plist;
				LD_RUNPATH_SEARCH_PATHS = "$(inherited) @executable_path/Frameworks @loader_path/Frameworks";
				PRODUCT_NAME = "$(TARGET_NAME)";
				TEST_HOST = "$(BUILT_PRODUCTS_DIR)/Addressbook.app/Addressbook";
			};
			name = Release;
		};
/* End XCBuildConfiguration section */

/* Begin XCConfigurationList section */
		8B7B5DE51B5FD98E0024C8B2 /* Build configuration list for PBXProject "Addressbook" */ = {
			isa = XCConfigurationList;
			buildConfigurations = (
				8B7B5E0E1B5FD98E0024C8B2 /* Debug */,
				8B7B5E0F1B5FD98E0024C8B2 /* Release */,
			);
			defaultConfigurationIsVisible = 0;
			defaultConfigurationName = Release;
		};
		8B7B5E101B5FD98E0024C8B2 /* Build configuration list for PBXNativeTarget "Addressbook" */ = {
			isa = XCConfigurationList;
			buildConfigurations = (
				8B7B5E111B5FD98E0024C8B2 /* Debug */,
				8B7B5E121B5FD98E0024C8B2 /* Release */,
			);
			defaultConfigurationIsVisible = 0;
		};
		8B7B5E131B5FD98E0024C8B2 /* Build configuration list for PBXNativeTarget "AddressbookTests" */ = {
			isa = XCConfigurationList;
			buildConfigurations = (
				8B7B5E141B5FD98E0024C8B2 /* Debug */,
				8B7B5E151B5FD98E0024C8B2 /* Release */,
			);
			defaultConfigurationIsVisible = 0;
		};
/* End XCConfigurationList section */
	};
	rootObject = 8B7B5DE21B5FD98E0024C8B2 /* Project object */;
}
